// !$*UTF8*$!
{
	archiveVersion = 1;
	classes = {
	};
	objectVersion = 46;
	objects = {

/* Begin PBXBuildFile section */
		B193A1071E0BD727001ACDD1 /* LightSocket.m in Sources */ = {isa = PBXBuildFile; fileRef = B193A1061E0BD727001ACDD1 /* LightSocket.m */; };
		B193A1081E0BD727001ACDD1 /* LightSocket.h in CopyFiles */ = {isa = PBXBuildFile; fileRef = B193A1051E0BD727001ACDD1 /* LightSocket.h */; };
/* End PBXBuildFile section */

/* Begin PBXCopyFilesBuildPhase section */
		B193A1001E0BD727001ACDD1 /* CopyFiles */ = {
			isa = PBXCopyFilesBuildPhase;
			buildActionMask = 2147483647;
			dstPath = "include/$(PRODUCT_NAME)";
			dstSubfolderSpec = 16;
			files = (
				B193A1081E0BD727001ACDD1 /* LightSocket.h in CopyFiles */,
			);
			runOnlyForDeploymentPostprocessing = 0;
		};
/* End PBXCopyFilesBuildPhase section */

/* Begin PBXFileReference section */
		B193A1021E0BD727001ACDD1 /* libLightSocket.a */ = {isa = PBXFileReference; explicitFileType = archive.ar; includeInIndex = 0; path = libLightSocket.a; sourceTree = BUILT_PRODUCTS_DIR; };
		B193A1051E0BD727001ACDD1 /* LightSocket.h */ = {isa = PBXFileReference; lastKnownFileType = sourcecode.c.h; path = LightSocket.h; sourceTree = "<group>"; };
		B193A1061E0BD727001ACDD1 /* LightSocket.m */ = {isa = PBXFileReference; lastKnownFileType = sourcecode.c.objc; path = LightSocket.m; sourceTree = "<group>"; };
/* End PBXFileReference section */

/* Begin PBXFrameworksBuildPhase section */
		B193A0FF1E0BD727001ACDD1 /* Frameworks */ = {
			isa = PBXFrameworksBuildPhase;
			buildActionMask = 2147483647;
			files = (
			);
			runOnlyForDeploymentPostprocessing = 0;
		};
/* End PBXFrameworksBuildPhase section */

/* Begin PBXGroup section */
		B193A0F91E0BD727001ACDD1 = {
			isa = PBXGroup;
			children = (
				B193A1041E0BD727001ACDD1 /* LightSocket */,
				B193A1031E0BD727001ACDD1 /* Products */,
			);
			sourceTree = "<group>";
		};
		B193A1031E0BD727001ACDD1 /* Products */ = {
			isa = PBXGroup;
			children = (
				B193A1021E0BD727001ACDD1 /* libLightSocket.a */,
			);
			name = Products;
			sourceTree = "<group>";
		};
		B193A1041E0BD727001ACDD1 /* LightSocket */ = {
			isa = PBXGroup;
			children = (
				B193A1051E0BD727001ACDD1 /* LightSocket.h */,
				B193A1061E0BD727001ACDD1 /* LightSocket.m */,
			);
			path = LightSocket;
			sourceTree = "<group>";
		};
/* End PBXGroup section */

/* Begin PBXNativeTarget section */
		B193A1011E0BD727001ACDD1 /* LightSocket */ = {
			isa = PBXNativeTarget;
			buildConfigurationList = B193A10B1E0BD727001ACDD1 /* Build configuration list for PBXNativeTarget "LightSocket" */;
			buildPhases = (
				B193A0FE1E0BD727001ACDD1 /* Sources */,
				B193A0FF1E0BD727001ACDD1 /* Frameworks */,
				B193A1001E0BD727001ACDD1 /* CopyFiles */,
			);
			buildRules = (
			);
			dependencies = (
			);
			name = LightSocket;
			productName = LightSocket;
			productReference = B193A1021E0BD727001ACDD1 /* libLightSocket.a */;
			productType = "com.apple.product-type.library.static";
		};
/* End PBXNativeTarget section */

/* Begin PBXProject section */
		B193A0FA1E0BD727001ACDD1 /* Project object */ = {
			isa = PBXProject;
			attributes = {
				LastUpgradeCheck = 0810;
				ORGANIZATIONNAME = "Kevin Piacentini";
				TargetAttributes = {
					B193A1011E0BD727001ACDD1 = {
						CreatedOnToolsVersion = 8.1;
						ProvisioningStyle = Automatic;
					};
				};
			};
			buildConfigurationList = B193A0FD1E0BD727001ACDD1 /* Build configuration list for PBXProject "LightSocket" */;
			compatibilityVersion = "Xcode 3.2";
			developmentRegion = English;
			hasScannedForEncodings = 0;
			knownRegions = (
				en,
			);
			mainGroup = B193A0F91E0BD727001ACDD1;
			productRefGroup = B193A1031E0BD727001ACDD1 /* Products */;
			projectDirPath = "";
			projectRoot = "";
			targets = (
				B193A1011E0BD727001ACDD1 /* LightSocket */,
			);
		};
/* End PBXProject section */

/* Begin PBXSourcesBuildPhase section */
		B193A0FE1E0BD727001ACDD1 /* Sources */ = {
			isa = PBXSourcesBuildPhase;
			buildActionMask = 2147483647;
			files = (
				B193A1071E0BD727001ACDD1 /* LightSocket.m in Sources */,
			);
			runOnlyForDeploymentPostprocessing = 0;
		};
/* End PBXSourcesBuildPhase section */

/* Begin XCBuildConfiguration section */
		B193A1091E0BD727001ACDD1 /* Debug */ = {
			isa = XCBuildConfiguration;
			buildSettings = {
				ALWAYS_SEARCH_USER_PATHS = NO;
				CLANG_ANALYZER_NONNULL = YES;
				CLANG_CXX_LANGUAGE_STANDARD = "gnu++0x";
				CLANG_CXX_LIBRARY = "libc++";
				CLANG_ENABLE_MODULES = YES;
				CLANG_ENABLE_OBJC_ARC = YES;
				CLANG_WARN_BOOL_CONVERSION = YES;
				CLANG_WARN_CONSTANT_CONVERSION = YES;
				CLANG_WARN_DIRECT_OBJC_ISA_USAGE = YES_ERROR;
				CLANG_WARN_DOCUMENTATION_COMMENTS = YES;
				CLANG_WARN_EMPTY_BODY = YES;
				CLANG_WARN_ENUM_CONVERSION = YES;
				CLANG_WARN_INFINITE_RECURSION = YES;
				CLANG_WARN_INT_CONVERSION = YES;
				CLANG_WARN_OBJC_ROOT_CLASS = YES_ERROR;
				CLANG_WARN_SUSPICIOUS_MOVES = YES;
				CLANG_WARN_UNREACHABLE_CODE = YES;
				CLANG_WARN__DUPLICATE_METHOD_MATCH = YES;
				"CODE_SIGN_IDENTITY[sdk=iphoneos*]" = "iPhone Developer";
				COPY_PHASE_STRIP = NO;
				DEBUG_INFORMATION_FORMAT = dwarf;
				ENABLE_STRICT_OBJC_MSGSEND = YES;
				ENABLE_TESTABILITY = YES;
				GCC_C_LANGUAGE_STANDARD = gnu99;
				GCC_DYNAMIC_NO_PIC = NO;
				GCC_NO_COMMON_BLOCKS = YES;
				GCC_OPTIMIZATION_LEVEL = 0;
				GCC_PREPROCESSOR_DEFINITIONS = (
					"DEBUG=1",
					"$(inherited)",
				);
				GCC_WARN_64_TO_32_BIT_CONVERSION = YES;
				GCC_WARN_ABOUT_RETURN_TYPE = YES_ERROR;
				GCC_WARN_UNDECLARED_SELECTOR = YES;
				GCC_WARN_UNINITIALIZED_AUTOS = YES_AGGRESSIVE;
				GCC_WARN_UNUSED_FUNCTION = YES;
				GCC_WARN_UNUSED_VARIABLE = YES;
				IPHONEOS_DEPLOYMENT_TARGET = 10.1;
				MTL_ENABLE_DEBUG_INFO = YES;
				ONLY_ACTIVE_ARCH = YES;
				SDKROOT = iphoneos;
			};
			name = Debug;
		};
		B193A10A1E0BD727001ACDD1 /* Release */ = {
			isa = XCBuildConfiguration;
			buildSettings = {
				ALWAYS_SEARCH_USER_PATHS = NO;
				CLANG_ANALYZER_NONNULL = YES;
				CLANG_CXX_LANGUAGE_STANDARD = "gnu++0x";
				CLANG_CXX_LIBRARY = "libc++";
				CLANG_ENABLE_MODULES = YES;
				CLANG_ENABLE_OBJC_ARC = YES;
				CLANG_WARN_BOOL_CONVERSION = YES;
				CLANG_WARN_CONSTANT_CONVERSION = YES;
				CLANG_WARN_DIRECT_OBJC_ISA_USAGE = YES_ERROR;
				CLANG_WARN_DOCUMENTATION_COMMENTS = YES;
				CLANG_WARN_EMPTY_BODY = YES;
				CLANG_WARN_ENUM_CONVERSION = YES;
				CLANG_WARN_INFINITE_RECURSION = YES;
				CLANG_WARN_INT_CONVERSION = YES;
				CLANG_WARN_OBJC_ROOT_CLASS = YES_ERROR;
				CLANG_WARN_SUSPICIOUS_MOVES = YES;
				CLANG_WARN_UNREACHABLE_CODE = YES;
				CLANG_WARN__DUPLICATE_METHOD_MATCH = YES;
				"CODE_SIGN_IDENTITY[sdk=iphoneos*]" = "iPhone Developer";
				COPY_PHASE_STRIP = NO;
				DEBUG_INFORMATION_FORMAT = "dwarf-with-dsym";
				ENABLE_NS_ASSERTIONS = NO;
				ENABLE_STRICT_OBJC_MSGSEND = YES;
				GCC_C_LANGUAGE_STANDARD = gnu99;
				GCC_NO_COMMON_BLOCKS = YES;
				GCC_WARN_64_TO_32_BIT_CONVERSION = YES;
				GCC_WARN_ABOUT_RETURN_TYPE = YES_ERROR;
				GCC_WARN_UNDECLARED_SELECTOR = YES;
				GCC_WARN_UNINITIALIZED_AUTOS = YES_AGGRESSIVE;
				GCC_WARN_UNUSED_FUNCTION = YES;
				GCC_WARN_UNUSED_VARIABLE = YES;
				IPHONEOS_DEPLOYMENT_TARGET = 10.1;
				MTL_ENABLE_DEBUG_INFO = NO;
				SDKROOT = iphoneos;
				VALIDATE_PRODUCT = YES;
			};
			name = Release;
		};
		B193A10C1E0BD727001ACDD1 /* Debug */ = {
			isa = XCBuildConfiguration;
			buildSettings = {
				OTHER_LDFLAGS = "-ObjC";
				PRODUCT_NAME = "$(TARGET_NAME)";
				SKIP_INSTALL = YES;
			};
			name = Debug;
		};
		B193A10D1E0BD727001ACDD1 /* Release */ = {
			isa = XCBuildConfiguration;
			buildSettings = {
				OTHER_LDFLAGS = "-ObjC";
				PRODUCT_NAME = "$(TARGET_NAME)";
				SKIP_INSTALL = YES;
			};
			name = Release;
		};
/* End XCBuildConfiguration section */

/* Begin XCConfigurationList section */
		B193A0FD1E0BD727001ACDD1 /* Build configuration list for PBXProject "LightSocket" */ = {
			isa = XCConfigurationList;
			buildConfigurations = (
				B193A1091E0BD727001ACDD1 /* Debug */,
				B193A10A1E0BD727001ACDD1 /* Release */,
			);
			defaultConfigurationIsVisible = 0;
			defaultConfigurationName = Release;
		};
		B193A10B1E0BD727001ACDD1 /* Build configuration list for PBXNativeTarget "LightSocket" */ = {
			isa = XCConfigurationList;
			buildConfigurations = (
				B193A10C1E0BD727001ACDD1 /* Debug */,
				B193A10D1E0BD727001ACDD1 /* Release */,
			);
			defaultConfigurationIsVisible = 0;
		};
/* End XCConfigurationList section */
	};
	rootObject = B193A0FA1E0BD727001ACDD1 /* Project object */;
}
